
Microsoft Visual Studio Solution File, Format Version 12.00
# Visual Studio Version 17
VisualStudioVersion = 17.8.34511.84
MinimumVisualStudioVersion = 10.0.40219.1
Project("{FAE04EC0-301F-11D3-BF4B-00C04F79EFBC}") = "OpenAITranslate.Web", "OpenAITranslate\OpenAITranslate.Web.csproj", "{BE927061-6345-4183-BF94-35D6EA185D8B}"
EndProject
Project("{FAE04EC0-301F-11D3-BF4B-00C04F79EFBC}") = "OpenAITranslate.OpenAI", "OpenAITranslate.OpenAI\OpenAITranslate.OpenAI.csproj", "{27A23791-9F3E-4DBB-A770-9781029CD380}"
EndProject
Global
	GlobalSection(SolutionConfigurationPlatforms) = preSolution
		Debug|Any CPU = Debug|Any CPU
		Release|Any CPU = Release|Any CPU
	EndGlobalSection
	GlobalSection(ProjectConfigurationPlatforms) = postSolution
		{BE927061-6345-4183-BF94-35D6EA185D8B}.Debug|Any CPU.ActiveCfg = Debug|Any CPU
		{BE927061-6345-4183-BF94-35D6EA185D8B}.Debug|Any CPU.Build.0 = Debug|Any CPU
		{BE927061-6345-4183-BF94-35D6EA185D8B}.Release|Any CPU.ActiveCfg = Release|Any CPU
		{BE927061-6345-4183-BF94-35D6EA185D8B}.Release|Any CPU.Build.0 = Release|Any CPU
		{27A23791-9F3E-4DBB-A770-9781029CD380}.Debug|Any CPU.ActiveCfg = Debug|Any CPU
		{27A23791-9F3E-4DBB-A770-9781029CD380}.Debug|Any CPU.Build.0 = Debug|Any CPU
		{27A23791-9F3E-4DBB-A770-9781029CD380}.Release|Any CPU.ActiveCfg = Release|Any CPU
		{27A23791-9F3E-4DBB-A770-9781029CD380}.Release|Any CPU.Build.0 = Release|Any CPU
	EndGlobalSection
	GlobalSection(SolutionProperties) = preSolution
		HideSolutionNode = FALSE
	EndGlobalSection
	GlobalSection(ExtensibilityGlobals) = postSolution
		SolutionGuid = {1A9A4C41-E985-4A2C-A044-B8A263BEC280}
	EndGlobalSection
EndGlobal
